// !$*UTF8*$!
{
	archiveVersion = 1;
	classes = {
	};
	objectVersion = 46;
	objects = {

/* Begin PBXBuildFile section */
		FAA6D8831F743B62000056E2 /* AppDelegate.swift in Sources */ = {isa = PBXBuildFile; fileRef = FAA6D8821F743B62000056E2 /* AppDelegate.swift */; };
		FAA6D88A1F743B62000056E2 /* Main.storyboard in Resources */ = {isa = PBXBuildFile; fileRef = FAA6D8881F743B62000056E2 /* Main.storyboard */; };
		FAA6D88C1F743B62000056E2 /* Assets.xcassets in Resources */ = {isa = PBXBuildFile; fileRef = FAA6D88B1F743B62000056E2 /* Assets.xcassets */; };
		FAA6D88F1F743B62000056E2 /* LaunchScreen.storyboard in Resources */ = {isa = PBXBuildFile; fileRef = FAA6D88D1F743B62000056E2 /* LaunchScreen.storyboard */; };
		FAA6D8971F743BBE000056E2 /* City.swift in Sources */ = {isa = PBXBuildFile; fileRef = FAA6D8961F743BBE000056E2 /* City.swift */; };
		FAA6D8991F743BE7000056E2 /* CityViewController.swift in Sources */ = {isa = PBXBuildFile; fileRef = FAA6D8981F743BE7000056E2 /* CityViewController.swift */; };
		FAA6D89B1F743C0D000056E2 /* DetailedViewController.swift in Sources */ = {isa = PBXBuildFile; fileRef = FAA6D89A1F743C0D000056E2 /* DetailedViewController.swift */; };
		FAA6D89D1F743C3D000056E2 /* images in Resources */ = {isa = PBXBuildFile; fileRef = FAA6D89C1F743C3D000056E2 /* images */; };
/* End PBXBuildFile section */

/* Begin PBXFileReference section */
		FAA6D87F1F743B62000056E2 /* WeatherApp.app */ = {isa = PBXFileReference; explicitFileType = wrapper.application; includeInIndex = 0; path = WeatherApp.app; sourceTree = BUILT_PRODUCTS_DIR; };
		FAA6D8821F743B62000056E2 /* AppDelegate.swift */ = {isa = PBXFileReference; lastKnownFileType = sourcecode.swift; path = AppDelegate.swift; sourceTree = "<group>"; };
		FAA6D8891F743B62000056E2 /* Base */ = {isa = PBXFileReference; lastKnownFileType = file.storyboard; name = Base; path = Base.lproj/Main.storyboard; sourceTree = "<group>"; };
		FAA6D88B1F743B62000056E2 /* Assets.xcassets */ = {isa = PBXFileReference; lastKnownFileType = folder.assetcatalog; path = Assets.xcassets; sourceTree = "<group>"; };
		FAA6D88E1F743B62000056E2 /* Base */ = {isa = PBXFileReference; lastKnownFileType = file.storyboard; name = Base; path = Base.lproj/LaunchScreen.storyboard; sourceTree = "<group>"; };
		FAA6D8901F743B62000056E2 /* Info.plist */ = {isa = PBXFileReference; lastKnownFileType = text.plist.xml; path = Info.plist; sourceTree = "<group>"; };
		FAA6D8961F743BBE000056E2 /* City.swift */ = {isa = PBXFileReference; fileEncoding = 4; lastKnownFileType = sourcecode.swift; path = City.swift; sourceTree = "<group>"; };
		FAA6D8981F743BE7000056E2 /* CityViewController.swift */ = {isa = PBXFileReference; fileEncoding = 4; lastKnownFileType = sourcecode.swift; path = CityViewController.swift; sourceTree = "<group>"; };
		FAA6D89A1F743C0D000056E2 /* DetailedViewController.swift */ = {isa = PBXFileReference; fileEncoding = 4; lastKnownFileType = sourcecode.swift; path = DetailedViewController.swift; sourceTree = "<group>"; };
		FAA6D89C1F743C3D000056E2 /* images */ = {isa = PBXFileReference; lastKnownFileType = folder; path = images; sourceTree = "<group>"; };
/* End PBXFileReference section */

/* Begin PBXFrameworksBuildPhase section */
		FAA6D87C1F743B62000056E2 /* Frameworks */ = {
			isa = PBXFrameworksBuildPhase;
			buildActionMask = 2147483647;
			files = (
			);
			runOnlyForDeploymentPostprocessing = 0;
		};
/* End PBXFrameworksBuildPhase section */

/* Begin PBXGroup section */
		FAA6D8761F743B62000056E2 = {
			isa = PBXGroup;
			children = (
				FAA6D8811F743B62000056E2 /* WeatherApp */,
				FAA6D8801F743B62000056E2 /* Products */,
			);
			sourceTree = "<group>";
		};
		FAA6D8801F743B62000056E2 /* Products */ = {
			isa = PBXGroup;
			children = (
				FAA6D87F1F743B62000056E2 /* WeatherApp.app */,
			);
			name = Products;
			sourceTree = "<group>";
		};
		FAA6D8811F743B62000056E2 /* WeatherApp */ = {
			isa = PBXGroup;
			children = (
				FAA6D89C1F743C3D000056E2 /* images */,
				FAA6D8821F743B62000056E2 /* AppDelegate.swift */,
				FAA6D8881F743B62000056E2 /* Main.storyboard */,
				FAA6D88B1F743B62000056E2 /* Assets.xcassets */,
				FAA6D88D1F743B62000056E2 /* LaunchScreen.storyboard */,
				FAA6D8901F743B62000056E2 /* Info.plist */,
				FAA6D8961F743BBE000056E2 /* City.swift */,
				FAA6D8981F743BE7000056E2 /* CityViewController.swift */,
				FAA6D89A1F743C0D000056E2 /* DetailedViewController.swift */,
			);
			path = WeatherApp;
			sourceTree = "<group>";
		};
/* End PBXGroup section */

/* Begin PBXNativeTarget section */
		FAA6D87E1F743B62000056E2 /* WeatherApp */ = {
			isa = PBXNativeTarget;
			buildConfigurationList = FAA6D8931F743B62000056E2 /* Build configuration list for PBXNativeTarget "WeatherApp" */;
			buildPhases = (
				FAA6D87B1F743B62000056E2 /* Sources */,
				FAA6D87C1F743B62000056E2 /* Frameworks */,
				FAA6D87D1F743B62000056E2 /* Resources */,
			);
			buildRules = (
			);
			dependencies = (
			);
			name = WeatherApp;
			productName = WeatherApp;
			productReference = FAA6D87F1F743B62000056E2 /* WeatherApp.app */;
			productType = "com.apple.product-type.application";
		};
/* End PBXNativeTarget section */

/* Begin PBXProject section */
		FAA6D8771F743B62000056E2 /* Project object */ = {
			isa = PBXProject;
			attributes = {
				LastSwiftUpdateCheck = 0830;
				LastUpgradeCheck = 0830;
				ORGANIZATIONNAME = "Momoko Nakada";
				TargetAttributes = {
					FAA6D87E1F743B62000056E2 = {
						CreatedOnToolsVersion = 8.3.3;
						ProvisioningStyle = Automatic;
					};
				};
			};
			buildConfigurationList = FAA6D87A1F743B62000056E2 /* Build configuration list for PBXProject "WeatherApp" */;
			compatibilityVersion = "Xcode 3.2";
			developmentRegion = English;
			hasScannedForEncodings = 0;
			knownRegions = (
				en,
				Base,
			);
			mainGroup = FAA6D8761F743B62000056E2;
			productRefGroup = FAA6D8801F743B62000056E2 /* Products */;
			projectDirPath = "";
			projectRoot = "";
			targets = (
				FAA6D87E1F743B62000056E2 /* WeatherApp */,
			);
		};
/* End PBXProject section */

/* Begin PBXResourcesBuildPhase section */
		FAA6D87D1F743B62000056E2 /* Resources */ = {
			isa = PBXResourcesBuildPhase;
			buildActionMask = 2147483647;
			files = (
				FAA6D89D1F743C3D000056E2 /* images in Resources */,
				FAA6D88F1F743B62000056E2 /* LaunchScreen.storyboard in Resources */,
				FAA6D88C1F743B62000056E2 /* Assets.xcassets in Resources */,
				FAA6D88A1F743B62000056E2 /* Main.storyboard in Resources */,
			);
			runOnlyForDeploymentPostprocessing = 0;
		};
/* End PBXResourcesBuildPhase section */

/* Begin PBXSourcesBuildPhase section */
		FAA6D87B1F743B62000056E2 /* Sources */ = {
			isa = PBXSourcesBuildPhase;
			buildActionMask = 2147483647;
			files = (
				FAA6D8991F743BE7000056E2 /* CityViewController.swift in Sources */,
				FAA6D89B1F743C0D000056E2 /* DetailedViewController.swift in Sources */,
				FAA6D8831F743B62000056E2 /* AppDelegate.swift in Sources */,
				FAA6D8971F743BBE000056E2 /* City.swift in Sources */,
			);
			runOnlyForDeploymentPostprocessing = 0;
		};
/* End PBXSourcesBuildPhase section */

/* Begin PBXVariantGroup section */
		FAA6D8881F743B62000056E2 /* Main.storyboard */ = {
			isa = PBXVariantGroup;
			children = (
				FAA6D8891F743B62000056E2 /* Base */,
			);
			name = Main.storyboard;
			sourceTree = "<group>";
		};
		FAA6D88D1F743B62000056E2 /* LaunchScreen.storyboard */ = {
			isa = PBXVariantGroup;
			children = (
				FAA6D88E1F743B62000056E2 /* Base */,
			);
			name = LaunchScreen.storyboard;
			sourceTree = "<group>";
		};
/* End PBXVariantGroup section */

/* Begin XCBuildConfiguration section */
		FAA6D8911F743B62000056E2 /* Debug */ = {
			isa = XCBuildConfiguration;
			buildSettings = {
				ALWAYS_SEARCH_USER_PATHS = NO;
				CLANG_ANALYZER_NONNULL = YES;
				CLANG_ANALYZER_NUMBER_OBJECT_CONVERSION = YES_AGGRESSIVE;
				CLANG_CXX_LANGUAGE_STANDARD = "gnu++0x";
				CLANG_CXX_LIBRARY = "libc++";
				CLANG_ENABLE_MODULES = YES;
				CLANG_ENABLE_OBJC_ARC = YES;
				CLANG_WARN_BOOL_CONVERSION = YES;
				CLANG_WARN_CONSTANT_CONVERSION = YES;
				CLANG_WARN_DIRECT_OBJC_ISA_USAGE = YES_ERROR;
				CLANG_WARN_DOCUMENTATION_COMMENTS = YES;
				CLANG_WARN_EMPTY_BODY = YES;
				CLANG_WARN_ENUM_CONVERSION = YES;
				CLANG_WARN_INFINITE_RECURSION = YES;
				CLANG_WARN_INT_CONVERSION = YES;
				CLANG_WARN_OBJC_ROOT_CLASS = YES_ERROR;
				CLANG_WARN_SUSPICIOUS_MOVE = YES;
				CLANG_WARN_UNREACHABLE_CODE = YES;
				CLANG_WARN__DUPLICATE_METHOD_MATCH = YES;
				"CODE_SIGN_IDENTITY[sdk=iphoneos*]" = "iPhone Developer";
				COPY_PHASE_STRIP = NO;
				DEBUG_INFORMATION_FORMAT = dwarf;
				ENABLE_STRICT_OBJC_MSGSEND = YES;
				ENABLE_TESTABILITY = YES;
				GCC_C_LANGUAGE_STANDARD = gnu99;
				GCC_DYNAMIC_NO_PIC = NO;
				GCC_NO_COMMON_BLOCKS = YES;
				GCC_OPTIMIZATION_LEVEL = 0;
				GCC_PREPROCESSOR_DEFINITIONS = (
					"DEBUG=1",
					"$(inherited)",
				);
				GCC_WARN_64_TO_32_BIT_CONVERSION = YES;
				GCC_WARN_ABOUT_RETURN_TYPE = YES_ERROR;
				GCC_WARN_UNDECLARED_SELECTOR = YES;
				GCC_WARN_UNINITIALIZED_AUTOS = YES_AGGRESSIVE;
				GCC_WARN_UNUSED_FUNCTION = YES;
				GCC_WARN_UNUSED_VARIABLE = YES;
				IPHONEOS_DEPLOYMENT_TARGET = 10.3;
				MTL_ENABLE_DEBUG_INFO = YES;
				ONLY_ACTIVE_ARCH = YES;
				SDKROOT = iphoneos;
				SWIFT_ACTIVE_COMPILATION_CONDITIONS = DEBUG;
				SWIFT_OPTIMIZATION_LEVEL = "-Onone";
				TARGETED_DEVICE_FAMILY = "1,2";
			};
			name = Debug;
		};
		FAA6D8921F743B62000056E2 /* Release */ = {
			isa = XCBuildConfiguration;
			buildSettings = {
				ALWAYS_SEARCH_USER_PATHS = NO;
				CLANG_ANALYZER_NONNULL = YES;
				CLANG_ANALYZER_NUMBER_OBJECT_CONVERSION = YES_AGGRESSIVE;
				CLANG_CXX_LANGUAGE_STANDARD = "gnu++0x";
				CLANG_CXX_LIBRARY = "libc++";
				CLANG_ENABLE_MODULES = YES;
				CLANG_ENABLE_OBJC_ARC = YES;
				CLANG_WARN_BOOL_CONVERSION = YES;
				CLANG_WARN_CONSTANT_CONVERSION = YES;
				CLANG_WARN_DIRECT_OBJC_ISA_USAGE = YES_ERROR;
				CLANG_WARN_DOCUMENTATION_COMMENTS = YES;
				CLANG_WARN_EMPTY_BODY = YES;
				CLANG_WARN_ENUM_CONVERSION = YES;
				CLANG_WARN_INFINITE_RECURSION = YES;
				CLANG_WARN_INT_CONVERSION = YES;
				CLANG_WARN_OBJC_ROOT_CLASS = YES_ERROR;
				CLANG_WARN_SUSPICIOUS_MOVE = YES;
				CLANG_WARN_UNREACHABLE_CODE = YES;
				CLANG_WARN__DUPLICATE_METHOD_MATCH = YES;
				"CODE_SIGN_IDENTITY[sdk=iphoneos*]" = "iPhone Developer";
				COPY_PHASE_STRIP = NO;
				DEBUG_INFORMATION_FORMAT = "dwarf-with-dsym";
				ENABLE_NS_ASSERTIONS = NO;
				ENABLE_STRICT_OBJC_MSGSEND = YES;
				GCC_C_LANGUAGE_STANDARD = gnu99;
				GCC_NO_COMMON_BLOCKS = YES;
				GCC_WARN_64_TO_32_BIT_CONVERSION = YES;
				GCC_WARN_ABOUT_RETURN_TYPE = YES_ERROR;
				GCC_WARN_UNDECLARED_SELECTOR = YES;
				GCC_WARN_UNINITIALIZED_AUTOS = YES_AGGRESSIVE;
				GCC_WARN_UNUSED_FUNCTION = YES;
				GCC_WARN_UNUSED_VARIABLE = YES;
				IPHONEOS_DEPLOYMENT_TARGET = 10.3;
				MTL_ENABLE_DEBUG_INFO = NO;
				SDKROOT = iphoneos;
				SWIFT_OPTIMIZATION_LEVEL = "-Owholemodule";
				TARGETED_DEVICE_FAMILY = "1,2";
				VALIDATE_PRODUCT = YES;
			};
			name = Release;
		};
		FAA6D8941F743B62000056E2 /* Debug */ = {
			isa = XCBuildConfiguration;
			buildSettings = {
				ASSETCATALOG_COMPILER_APPICON_NAME = AppIcon;
				INFOPLIST_FILE = WeatherApp/Info.plist;
				LD_RUNPATH_SEARCH_PATHS = "$(inherited) @executable_path/Frameworks";
				PRODUCT_BUNDLE_IDENTIFIER = com.example.WeatherApp;
				PRODUCT_NAME = "$(TARGET_NAME)";
				SWIFT_VERSION = 3.0;
			};
			name = Debug;
		};
		FAA6D8951F743B62000056E2 /* Release */ = {
			isa = XCBuildConfiguration;
			buildSettings = {
				ASSETCATALOG_COMPILER_APPICON_NAME = AppIcon;
				INFOPLIST_FILE = WeatherApp/Info.plist;
				LD_RUNPATH_SEARCH_PATHS = "$(inherited) @executable_path/Frameworks";
				PRODUCT_BUNDLE_IDENTIFIER = com.example.WeatherApp;
				PRODUCT_NAME = "$(TARGET_NAME)";
				SWIFT_VERSION = 3.0;
			};
			name = Release;
		};
/* End XCBuildConfiguration section */

/* Begin XCConfigurationList section */
		FAA6D87A1F743B62000056E2 /* Build configuration list for PBXProject "WeatherApp" */ = {
			isa = XCConfigurationList;
			buildConfigurations = (
				FAA6D8911F743B62000056E2 /* Debug */,
				FAA6D8921F743B62000056E2 /* Release */,
			);
			defaultConfigurationIsVisible = 0;
			defaultConfigurationName = Release;
		};
		FAA6D8931F743B62000056E2 /* Build configuration list for PBXNativeTarget "WeatherApp" */ = {
			isa = XCConfigurationList;
			buildConfigurations = (
				FAA6D8941F743B62000056E2 /* Debug */,
				FAA6D8951F743B62000056E2 /* Release */,
			);
			defaultConfigurationIsVisible = 0;
		};
/* End XCConfigurationList section */
	};
	rootObject = FAA6D8771F743B62000056E2 /* Project object */;
}
